
Microsoft Visual Studio Solution File, Format Version 12.00
# Visual Studio Version 17
VisualStudioVersion = 17.0.31903.59
MinimumVisualStudioVersion = 10.0.40219.1
Project("{2150E333-8FDC-42A3-9474-1A3956D46DE8}") = "src", "src", "{827E0CD3-B72D-47B6-A68D-7590B98EB39B}"
EndProject
Project("{FAE04EC0-301F-11D3-BF4B-00C04F79EFBC}") = "FCG.Catalog.Application", "src\FCG.Catalog.Application\FCG.Catalog.Application.csproj", "{8D1839FA-6508-4D11-B7DA-13818C95A7FD}"
EndProject
Project("{FAE04EC0-301F-11D3-BF4B-00C04F79EFBC}") = "FCG.Catalog.Domain", "src\FCG.Catalog.Domain\FCG.Catalog.Domain.csproj", "{ACEB2686-96F9-4202-B4B3-9E02F6A313DE}"
	ProjectSection(ProjectDependencies) = postProject
		{B74EA22B-F0EC-468C-B6AB-6441D81AB710} = {B74EA22B-F0EC-468C-B6AB-6441D81AB710}
	EndProjectSection
EndProject
Project("{FAE04EC0-301F-11D3-BF4B-00C04F79EFBC}") = "FCG.Catalog.Infra", "src\FCG.Catalog.Infra\FCG.Catalog.Infra.csproj", "{7B07EF5A-132B-432C-977A-8FE239B67741}"
	ProjectSection(ProjectDependencies) = postProject
		{8D1839FA-6508-4D11-B7DA-13818C95A7FD} = {8D1839FA-6508-4D11-B7DA-13818C95A7FD}
	EndProjectSection
EndProject
Project("{FAE04EC0-301F-11D3-BF4B-00C04F79EFBC}") = "FCG.Catalog.Api", "src\FCG.Catalog.Api\FCG.Catalog.Api.csproj", "{42AA7608-9D01-4BBA-A520-BEA26967C46A}"
	ProjectSection(ProjectDependencies) = postProject
		{8D1839FA-6508-4D11-B7DA-13818C95A7FD} = {8D1839FA-6508-4D11-B7DA-13818C95A7FD}
		{B74EA22B-F0EC-468C-B6AB-6441D81AB710} = {B74EA22B-F0EC-468C-B6AB-6441D81AB710}
	EndProjectSection
EndProject
Project("{FAE04EC0-301F-11D3-BF4B-00C04F79EFBC}") = "FCG.Catalog.Core", "src\FCG.Catalog.Core\FCG.Catalog.Core.csproj", "{B74EA22B-F0EC-468C-B6AB-6441D81AB710}"
EndProject
Project("{2150E333-8FDC-42A3-9474-1A3956D46DE8}") = "libs", "libs", "{6C4D298B-81FB-2B6B-5AB6-46205EDDC72C}"
EndProject
Project("{FAE04EC0-301F-11D3-BF4B-00C04F79EFBC}") = "FCG.Contracts", "libs\FCG.Contracts\FCG.Contracts.csproj", "{112DEB77-99A5-40C6-B5C8-05AFDBC05A6B}"
EndProject
Project("{2150E333-8FDC-42A3-9474-1A3956D46DE8}") = "tests", "tests", "{0AB3BF05-4346-4AA6-1389-037BE0695223}"
EndProject
Project("{FAE04EC0-301F-11D3-BF4B-00C04F79EFBC}") = "FCG.Catalog.Tests", "tests\FCG.Catalog.Tests\FCG.Catalog.Tests.csproj", "{BC8F7E48-81EC-45E9-BFF3-0D0797E6B01D}"
EndProject
Global
	GlobalSection(SolutionConfigurationPlatforms) = preSolution
		Debug|Any CPU = Debug|Any CPU
		Debug|x64 = Debug|x64
		Debug|x86 = Debug|x86
		Release|Any CPU = Release|Any CPU
		Release|x64 = Release|x64
		Release|x86 = Release|x86
	EndGlobalSection
	GlobalSection(ProjectConfigurationPlatforms) = postSolution
		{8D1839FA-6508-4D11-B7DA-13818C95A7FD}.Debug|Any CPU.ActiveCfg = Debug|Any CPU
		{8D1839FA-6508-4D11-B7DA-13818C95A7FD}.Debug|Any CPU.Build.0 = Debug|Any CPU
		{8D1839FA-6508-4D11-B7DA-13818C95A7FD}.Debug|x64.ActiveCfg = Debug|Any CPU
		{8D1839FA-6508-4D11-B7DA-13818C95A7FD}.Debug|x64.Build.0 = Debug|Any CPU
		{8D1839FA-6508-4D11-B7DA-13818C95A7FD}.Debug|x86.ActiveCfg = Debug|Any CPU
		{8D1839FA-6508-4D11-B7DA-13818C95A7FD}.Debug|x86.Build.0 = Debug|Any CPU
		{8D1839FA-6508-4D11-B7DA-13818C95A7FD}.Release|Any CPU.ActiveCfg = Release|Any CPU
		{8D1839FA-6508-4D11-B7DA-13818C95A7FD}.Release|Any CPU.Build.0 = Release|Any CPU
		{8D1839FA-6508-4D11-B7DA-13818C95A7FD}.Release|x64.ActiveCfg = Release|Any CPU
		{8D1839FA-6508-4D11-B7DA-13818C95A7FD}.Release|x64.Build.0 = Release|Any CPU
		{8D1839FA-6508-4D11-B7DA-13818C95A7FD}.Release|x86.ActiveCfg = Release|Any CPU
		{8D1839FA-6508-4D11-B7DA-13818C95A7FD}.Release|x86.Build.0 = Release|Any CPU
		{ACEB2686-96F9-4202-B4B3-9E02F6A313DE}.Debug|Any CPU.ActiveCfg = Debug|Any CPU
		{ACEB2686-96F9-4202-B4B3-9E02F6A313DE}.Debug|Any CPU.Build.0 = Debug|Any CPU
		{ACEB2686-96F9-4202-B4B3-9E02F6A313DE}.Debug|x64.ActiveCfg = Debug|Any CPU
		{ACEB2686-96F9-4202-B4B3-9E02F6A313DE}.Debug|x64.Build.0 = Debug|Any CPU
		{ACEB2686-96F9-4202-B4B3-9E02F6A313DE}.Debug|x86.ActiveCfg = Debug|Any CPU
		{ACEB2686-96F9-4202-B4B3-9E02F6A313DE}.Debug|x86.Build.0 = Debug|Any CPU
		{ACEB2686-96F9-4202-B4B3-9E02F6A313DE}.Release|Any CPU.ActiveCfg = Release|Any CPU
		{ACEB2686-96F9-4202-B4B3-9E02F6A313DE}.Release|Any CPU.Build.0 = Release|Any CPU
		{ACEB2686-96F9-4202-B4B3-9E02F6A313DE}.Release|x64.ActiveCfg = Release|Any CPU
		{ACEB2686-96F9-4202-B4B3-9E02F6A313DE}.Release|x64.Build.0 = Release|Any CPU
		{ACEB2686-96F9-4202-B4B3-9E02F6A313DE}.Release|x86.ActiveCfg = Release|Any CPU
		{ACEB2686-96F9-4202-B4B3-9E02F6A313DE}.Release|x86.Build.0 = Release|Any CPU
		{7B07EF5A-132B-432C-977A-8FE239B67741}.Debug|Any CPU.ActiveCfg = Debug|Any CPU
		{7B07EF5A-132B-432C-977A-8FE239B67741}.Debug|Any CPU.Build.0 = Debug|Any CPU
		{7B07EF5A-132B-432C-977A-8FE239B67741}.Debug|x64.ActiveCfg = Debug|Any CPU
		{7B07EF5A-132B-432C-977A-8FE239B67741}.Debug|x64.Build.0 = Debug|Any CPU
		{7B07EF5A-132B-432C-977A-8FE239B67741}.Debug|x86.ActiveCfg = Debug|Any CPU
		{7B07EF5A-132B-432C-977A-8FE239B67741}.Debug|x86.Build.0 = Debug|Any CPU
		{7B07EF5A-132B-432C-977A-8FE239B67741}.Release|Any CPU.ActiveCfg = Release|Any CPU
		{7B07EF5A-132B-432C-977A-8FE239B67741}.Release|Any CPU.Build.0 = Release|Any CPU
		{7B07EF5A-132B-432C-977A-8FE239B67741}.Release|x64.ActiveCfg = Release|Any CPU
		{7B07EF5A-132B-432C-977A-8FE239B67741}.Release|x64.Build.0 = Release|Any CPU
		{7B07EF5A-132B-432C-977A-8FE239B67741}.Release|x86.ActiveCfg = Release|Any CPU
		{7B07EF5A-132B-432C-977A-8FE239B67741}.Release|x86.Build.0 = Release|Any CPU
		{42AA7608-9D01-4BBA-A520-BEA26967C46A}.Debug|Any CPU.ActiveCfg = Debug|Any CPU
		{42AA7608-9D01-4BBA-A520-BEA26967C46A}.Debug|Any CPU.Build.0 = Debug|Any CPU
		{42AA7608-9D01-4BBA-A520-BEA26967C46A}.Debug|x64.ActiveCfg = Debug|Any CPU
		{42AA7608-9D01-4BBA-A520-BEA26967C46A}.Debug|x64.Build.0 = Debug|Any CPU
		{42AA7608-9D01-4BBA-A520-BEA26967C46A}.Debug|x86.ActiveCfg = Debug|Any CPU
		{42AA7608-9D01-4BBA-A520-BEA26967C46A}.Debug|x86.Build.0 = Debug|Any CPU
		{42AA7608-9D01-4BBA-A520-BEA26967C46A}.Release|Any CPU.ActiveCfg = Release|Any CPU
		{42AA7608-9D01-4BBA-A520-BEA26967C46A}.Release|Any CPU.Build.0 = Release|Any CPU
		{42AA7608-9D01-4BBA-A520-BEA26967C46A}.Release|x64.ActiveCfg = Release|Any CPU
		{42AA7608-9D01-4BBA-A520-BEA26967C46A}.Release|x64.Build.0 = Release|Any CPU
		{42AA7608-9D01-4BBA-A520-BEA26967C46A}.Release|x86.ActiveCfg = Release|Any CPU
		{42AA7608-9D01-4BBA-A520-BEA26967C46A}.Release|x86.Build.0 = Release|Any CPU
		{B74EA22B-F0EC-468C-B6AB-6441D81AB710}.Debug|Any CPU.ActiveCfg = Debug|Any CPU
		{B74EA22B-F0EC-468C-B6AB-6441D81AB710}.Debug|Any CPU.Build.0 = Debug|Any CPU
		{B74EA22B-F0EC-468C-B6AB-6441D81AB710}.Debug|x64.ActiveCfg = Debug|Any CPU
		{B74EA22B-F0EC-468C-B6AB-6441D81AB710}.Debug|x64.Build.0 = Debug|Any CPU
		{B74EA22B-F0EC-468C-B6AB-6441D81AB710}.Debug|x86.ActiveCfg = Debug|Any CPU
		{B74EA22B-F0EC-468C-B6AB-6441D81AB710}.Debug|x86.Build.0 = Debug|Any CPU
		{B74EA22B-F0EC-468C-B6AB-6441D81AB710}.Release|Any CPU.ActiveCfg = Release|Any CPU
		{B74EA22B-F0EC-468C-B6AB-6441D81AB710}.Release|Any CPU.Build.0 = Release|Any CPU
		{B74EA22B-F0EC-468C-B6AB-6441D81AB710}.Release|x64.ActiveCfg = Release|Any CPU
		{B74EA22B-F0EC-468C-B6AB-6441D81AB710}.Release|x64.Build.0 = Release|Any CPU
		{B74EA22B-F0EC-468C-B6AB-6441D81AB710}.Release|x86.ActiveCfg = Release|Any CPU
		{B74EA22B-F0EC-468C-B6AB-6441D81AB710}.Release|x86.Build.0 = Release|Any CPU
		{112DEB77-99A5-40C6-B5C8-05AFDBC05A6B}.Debug|Any CPU.ActiveCfg = Debug|Any CPU
		{112DEB77-99A5-40C6-B5C8-05AFDBC05A6B}.Debug|Any CPU.Build.0 = Debug|Any CPU
		{112DEB77-99A5-40C6-B5C8-05AFDBC05A6B}.Debug|x64.ActiveCfg = Debug|Any CPU
		{112DEB77-99A5-40C6-B5C8-05AFDBC05A6B}.Debug|x64.Build.0 = Debug|Any CPU
		{112DEB77-99A5-40C6-B5C8-05AFDBC05A6B}.Debug|x86.ActiveCfg = Debug|Any CPU
		{112DEB77-99A5-40C6-B5C8-05AFDBC05A6B}.Debug|x86.Build.0 = Debug|Any CPU
		{112DEB77-99A5-40C6-B5C8-05AFDBC05A6B}.Release|Any CPU.ActiveCfg = Release|Any CPU
		{112DEB77-99A5-40C6-B5C8-05AFDBC05A6B}.Release|Any CPU.Build.0 = Release|Any CPU
		{112DEB77-99A5-40C6-B5C8-05AFDBC05A6B}.Release|x64.ActiveCfg = Release|Any CPU
		{112DEB77-99A5-40C6-B5C8-05AFDBC05A6B}.Release|x64.Build.0 = Release|Any CPU
		{112DEB77-99A5-40C6-B5C8-05AFDBC05A6B}.Release|x86.ActiveCfg = Release|Any CPU
		{112DEB77-99A5-40C6-B5C8-05AFDBC05A6B}.Release|x86.Build.0 = Release|Any CPU
		{BC8F7E48-81EC-45E9-BFF3-0D0797E6B01D}.Debug|Any CPU.ActiveCfg = Debug|Any CPU
		{BC8F7E48-81EC-45E9-BFF3-0D0797E6B01D}.Debug|Any CPU.Build.0 = Debug|Any CPU
		{BC8F7E48-81EC-45E9-BFF3-0D0797E6B01D}.Debug|x64.ActiveCfg = Debug|Any CPU
		{BC8F7E48-81EC-45E9-BFF3-0D0797E6B01D}.Debug|x64.Build.0 = Debug|Any CPU
		{BC8F7E48-81EC-45E9-BFF3-0D0797E6B01D}.Debug|x86.ActiveCfg = Debug|Any CPU
		{BC8F7E48-81EC-45E9-BFF3-0D0797E6B01D}.Debug|x86.Build.0 = Debug|Any CPU
		{BC8F7E48-81EC-45E9-BFF3-0D0797E6B01D}.Release|Any CPU.ActiveCfg = Release|Any CPU
		{BC8F7E48-81EC-45E9-BFF3-0D0797E6B01D}.Release|Any CPU.Build.0 = Release|Any CPU
		{BC8F7E48-81EC-45E9-BFF3-0D0797E6B01D}.Release|x64.ActiveCfg = Release|Any CPU
		{BC8F7E48-81EC-45E9-BFF3-0D0797E6B01D}.Release|x64.Build.0 = Release|Any CPU
		{BC8F7E48-81EC-45E9-BFF3-0D0797E6B01D}.Release|x86.ActiveCfg = Release|Any CPU
		{BC8F7E48-81EC-45E9-BFF3-0D0797E6B01D}.Release|x86.Build.0 = Release|Any CPU
	EndGlobalSection
	GlobalSection(SolutionProperties) = preSolution
		HideSolutionNode = FALSE
	EndGlobalSection
	GlobalSection(NestedProjects) = preSolution
		{8D1839FA-6508-4D11-B7DA-13818C95A7FD} = {827E0CD3-B72D-47B6-A68D-7590B98EB39B}
		{ACEB2686-96F9-4202-B4B3-9E02F6A313DE} = {827E0CD3-B72D-47B6-A68D-7590B98EB39B}
		{7B07EF5A-132B-432C-977A-8FE239B67741} = {827E0CD3-B72D-47B6-A68D-7590B98EB39B}
		{42AA7608-9D01-4BBA-A520-BEA26967C46A} = {827E0CD3-B72D-47B6-A68D-7590B98EB39B}
		{B74EA22B-F0EC-468C-B6AB-6441D81AB710} = {827E0CD3-B72D-47B6-A68D-7590B98EB39B}
		{112DEB77-99A5-40C6-B5C8-05AFDBC05A6B} = {6C4D298B-81FB-2B6B-5AB6-46205EDDC72C}
		{BC8F7E48-81EC-45E9-BFF3-0D0797E6B01D} = {0AB3BF05-4346-4AA6-1389-037BE0695223}
	EndGlobalSection
	GlobalSection(ExtensibilityGlobals) = postSolution
		SolutionGuid = {5BA69F93-2F4A-44D0-A533-FC40F0C7D4D6}
	EndGlobalSection
EndGlobal
